
Microsoft Visual Studio Solution File, Format Version 12.00
# Visual Studio Version 17
VisualStudioVersion = 17.5.33516.290
MinimumVisualStudioVersion = 10.0.40219.1
Project("{FAE04EC0-301F-11D3-BF4B-00C04F79EFBC}") = "MG_TopDownShooter", "MG_TopDownShooter.csproj", "{593F7BFF-A548-4F03-BDA3-1154EF9BEEB9}"
EndProject
Global
	GlobalSection(SolutionConfigurationPlatforms) = preSolution
		Debug|Any CPU = Debug|Any CPU
		Release|Any CPU = Release|Any CPU
	EndGlobalSection
	GlobalSection(ProjectConfigurationPlatforms) = postSolution
		{593F7BFF-A548-4F03-BDA3-1154EF9BEEB9}.Debug|Any CPU.ActiveCfg = Debug|Any CPU
		{593F7BFF-A548-4F03-BDA3-1154EF9BEEB9}.Debug|Any CPU.Build.0 = Debug|Any CPU
		{593F7BFF-A548-4F03-BDA3-1154EF9BEEB9}.Release|Any CPU.ActiveCfg = Release|Any CPU
		{593F7BFF-A548-4F03-BDA3-1154EF9BEEB9}.Release|Any CPU.Build.0 = Release|Any CPU
	EndGlobalSection
	GlobalSection(SolutionProperties) = preSolution
		HideSolutionNode = FALSE
	EndGlobalSection
	GlobalSection(ExtensibilityGlobals) = postSolution
		SolutionGuid = {1BEB8841-7ABD-48D5-91F4-0A7278CE5030}
	EndGlobalSection
EndGlobal
